{
  "name": "live-video-playlist",
  "version": "0.1.0",
  "lockfileVersion": 2,
  "requires": true,
  "packages": {
    "": {
      "name": "live-video-playlist",
      "version": "0.1.0",
      "license": "ISC",
      "dependencies": {
        "parse-hls": "^1.0.7"
      },
      "devDependencies": {
        "typescript": "^4.6.3"
      }
    },
    "node_modules/parse-hls": {
      "version": "1.0.7",
      "resolved": "https://registry.npmjs.org/parse-hls/-/parse-hls-1.0.7.tgz",
      "integrity": "sha512-tnAK2nXe8J/Jf66SwY2cUAKKXInLR9hkNhTtcS7t6J4CgkG8LGBfC1GuuXg7kLLbIQLXpVhZrY/tfyhDbqfzwg=="
    },
    "node_modules/typescript": {
      "version": "4.6.3",
      "resolved": "https://registry.npmjs.org/typescript/-/typescript-4.6.3.tgz",
      "integrity": "sha512-yNIatDa5iaofVozS/uQJEl3JRWLKKGJKh6Yaiv0GLGSuhpFJe7P3SbHZ8/yjAHRQwKRoA6YZqlfjXWmVzoVSMw==",
      "dev": true,
      "bin": {
        "tsc": "bin/tsc",
        "tsserver": "bin/tsserver"
      },
      "engines": {
        "node": ">=4.2.0"
      }
    }
  },
  "dependencies": {
    "parse-hls": {
      "version": "1.0.7",
      "resolved": "https://registry.npmjs.org/parse-hls/-/parse-hls-1.0.7.tgz",
      "integrity": "sha512-tnAK2nXe8J/Jf66SwY2cUAKKXInLR9hkNhTtcS7t6J4CgkG8LGBfC1GuuXg7kLLbIQLXpVhZrY/tfyhDbqfzwg=="
    },
    "typescript": {
      "version": "4.6.3",
      "resolved": "https://registry.npmjs.org/typescript/-/typescript-4.6.3.tgz",
      "integrity": "sha512-yNIatDa5iaofVozS/uQJEl3JRWLKKGJKh6Yaiv0GLGSuhpFJe7P3SbHZ8/yjAHRQwKRoA6YZqlfjXWmVzoVSMw==",
      "dev": true
    }
  }
}
