{
  "name": "live-video-playlist",
  "version": "0.1.0",
  "lockfileVersion": 2,
  "requires": true,
  "packages": {
    "": {
      "name": "live-video-playlist",
      "version": "0.1.0",
      "license": "ISC",
      "dependencies": {
        "hls-parser": "^0.10.4"
      },
      "devDependencies": {
        "@types/hls-parser": "^0.8.3",
        "typescript": "^4.6.3"
      }
    },
    "node_modules/@types/hls-parser": {
      "version": "0.8.3",
      "resolved": "https://registry.npmjs.org/@types/hls-parser/-/hls-parser-0.8.3.tgz",
      "integrity": "sha512-dGDgo+gN1wLJU3lClOeUlaGLtzI6Nu1+MtXjxh6+wAIyaWlpSSzihw12MDd2yIkN2pDhBci5fDrdfT2/hyGGGg==",
      "dev": true,
      "dependencies": {
        "@types/node": "*"
      }
    },
    "node_modules/@types/node": {
      "version": "17.0.30",
      "resolved": "https://registry.npmjs.org/@types/node/-/node-17.0.30.tgz",
      "integrity": "sha512-oNBIZjIqyHYP8VCNAV9uEytXVeXG2oR0w9lgAXro20eugRQfY002qr3CUl6BAe+Yf/z3CRjPdz27Pu6WWtuSRw==",
      "dev": true
    },
    "node_modules/hls-parser": {
      "version": "0.10.4",
      "resolved": "https://registry.npmjs.org/hls-parser/-/hls-parser-0.10.4.tgz",
      "integrity": "sha512-YAQyeoaDg7G88Vl2Bc5+UP55ROz1nPPYwZ69vTqHx3p7+mKwh0gHYTEIVFB6MZL/npB4XeZ0h9GaH/olps0zeA=="
    },
    "node_modules/typescript": {
      "version": "4.6.3",
      "resolved": "https://registry.npmjs.org/typescript/-/typescript-4.6.3.tgz",
      "integrity": "sha512-yNIatDa5iaofVozS/uQJEl3JRWLKKGJKh6Yaiv0GLGSuhpFJe7P3SbHZ8/yjAHRQwKRoA6YZqlfjXWmVzoVSMw==",
      "dev": true,
      "bin": {
        "tsc": "bin/tsc",
        "tsserver": "bin/tsserver"
      },
      "engines": {
        "node": ">=4.2.0"
      }
    }
  },
  "dependencies": {
    "@types/hls-parser": {
      "version": "0.8.3",
      "resolved": "https://registry.npmjs.org/@types/hls-parser/-/hls-parser-0.8.3.tgz",
      "integrity": "sha512-dGDgo+gN1wLJU3lClOeUlaGLtzI6Nu1+MtXjxh6+wAIyaWlpSSzihw12MDd2yIkN2pDhBci5fDrdfT2/hyGGGg==",
      "dev": true,
      "requires": {
        "@types/node": "*"
      }
    },
    "@types/node": {
      "version": "17.0.30",
      "resolved": "https://registry.npmjs.org/@types/node/-/node-17.0.30.tgz",
      "integrity": "sha512-oNBIZjIqyHYP8VCNAV9uEytXVeXG2oR0w9lgAXro20eugRQfY002qr3CUl6BAe+Yf/z3CRjPdz27Pu6WWtuSRw==",
      "dev": true
    },
    "hls-parser": {
      "version": "0.10.4",
      "resolved": "https://registry.npmjs.org/hls-parser/-/hls-parser-0.10.4.tgz",
      "integrity": "sha512-YAQyeoaDg7G88Vl2Bc5+UP55ROz1nPPYwZ69vTqHx3p7+mKwh0gHYTEIVFB6MZL/npB4XeZ0h9GaH/olps0zeA=="
    },
    "typescript": {
      "version": "4.6.3",
      "resolved": "https://registry.npmjs.org/typescript/-/typescript-4.6.3.tgz",
      "integrity": "sha512-yNIatDa5iaofVozS/uQJEl3JRWLKKGJKh6Yaiv0GLGSuhpFJe7P3SbHZ8/yjAHRQwKRoA6YZqlfjXWmVzoVSMw==",
      "dev": true
    }
  }
}
